
Microsoft Visual Studio Solution File, Format Version 12.00
# Visual Studio 14
VisualStudioVersion = 14.0.25420.1
MinimumVisualStudioVersion = 10.0.40219.1
Project("{FAE04EC0-301F-11D3-BF4B-00C04F79EFBC}") = "BSSRestPlanillaConso", "BSSRestPlanillaConso\BSSRestPlanillaConso.csproj", "{C15B4F18-C610-4C93-956E-C626D7F8F07E}"
EndProject
Project("{FAE04EC0-301F-11D3-BF4B-00C04F79EFBC}") = "CLCommom", "CLCommom\CLCommom.csproj", "{5E0E8649-55F7-4898-825D-52935D893A9D}"
EndProject
Project("{FAE04EC0-301F-11D3-BF4B-00C04F79EFBC}") = "CLDB2", "CLDB2\CLDB2.csproj", "{0641D9F6-D1B5-4ED2-B756-177E547CEEA0}"
EndProject
Global
	GlobalSection(SolutionConfigurationPlatforms) = preSolution
		Debug|Any CPU = Debug|Any CPU
		Release|Any CPU = Release|Any CPU
	EndGlobalSection
	GlobalSection(ProjectConfigurationPlatforms) = postSolution
		{C15B4F18-C610-4C93-956E-C626D7F8F07E}.Debug|Any CPU.ActiveCfg = Debug|Any CPU
		{C15B4F18-C610-4C93-956E-C626D7F8F07E}.Debug|Any CPU.Build.0 = Debug|Any CPU
		{C15B4F18-C610-4C93-956E-C626D7F8F07E}.Release|Any CPU.ActiveCfg = Release|Any CPU
		{C15B4F18-C610-4C93-956E-C626D7F8F07E}.Release|Any CPU.Build.0 = Release|Any CPU
		{5E0E8649-55F7-4898-825D-52935D893A9D}.Debug|Any CPU.ActiveCfg = Debug|Any CPU
		{5E0E8649-55F7-4898-825D-52935D893A9D}.Debug|Any CPU.Build.0 = Debug|Any CPU
		{5E0E8649-55F7-4898-825D-52935D893A9D}.Release|Any CPU.ActiveCfg = Release|Any CPU
		{5E0E8649-55F7-4898-825D-52935D893A9D}.Release|Any CPU.Build.0 = Release|Any CPU
		{0641D9F6-D1B5-4ED2-B756-177E547CEEA0}.Debug|Any CPU.ActiveCfg = Debug|Any CPU
		{0641D9F6-D1B5-4ED2-B756-177E547CEEA0}.Debug|Any CPU.Build.0 = Debug|Any CPU
		{0641D9F6-D1B5-4ED2-B756-177E547CEEA0}.Release|Any CPU.ActiveCfg = Release|Any CPU
		{0641D9F6-D1B5-4ED2-B756-177E547CEEA0}.Release|Any CPU.Build.0 = Release|Any CPU
	EndGlobalSection
	GlobalSection(SolutionProperties) = preSolution
		HideSolutionNode = FALSE
	EndGlobalSection
EndGlobal
